
Microsoft Visual Studio Solution File, Format Version 12.00
# Visual Studio Version 17
VisualStudioVersion = 17.9.34616.47
MinimumVisualStudioVersion = 10.0.40219.1
Project("{FAE04EC0-301F-11D3-BF4B-00C04F79EFBC}") = "TourPlanner_Project", "TourPlanner_Project.csproj", "{14A572C2-FFD8-4ED7-A18F-B769D934F020}"
EndProject
Global
	GlobalSection(SolutionConfigurationPlatforms) = preSolution
		Debug|Any CPU = Debug|Any CPU
		Release|Any CPU = Release|Any CPU
	EndGlobalSection
	GlobalSection(ProjectConfigurationPlatforms) = postSolution
		{14A572C2-FFD8-4ED7-A18F-B769D934F020}.Debug|Any CPU.ActiveCfg = Debug|Any CPU
		{14A572C2-FFD8-4ED7-A18F-B769D934F020}.Debug|Any CPU.Build.0 = Debug|Any CPU
		{14A572C2-FFD8-4ED7-A18F-B769D934F020}.Release|Any CPU.ActiveCfg = Release|Any CPU
		{14A572C2-FFD8-4ED7-A18F-B769D934F020}.Release|Any CPU.Build.0 = Release|Any CPU
	EndGlobalSection
	GlobalSection(SolutionProperties) = preSolution
		HideSolutionNode = FALSE
	EndGlobalSection
	GlobalSection(ExtensibilityGlobals) = postSolution
		SolutionGuid = {EECE54B1-1AA3-4632-BFF1-3F69C6A591F2}
	EndGlobalSection
EndGlobal
